
Microsoft Visual Studio Solution File, Format Version 12.00
# Visual Studio Version 16
VisualStudioVersion = 16.0.29905.134
MinimumVisualStudioVersion = 10.0.40219.1
Project("{FAE04EC0-301F-11D3-BF4B-00C04F79EFBC}") = "StoryBoard", "StoryBoard\StoryBoard.csproj", "{9060480B-9943-466D-9679-B1D581A76791}"
EndProject
Global
	GlobalSection(SolutionConfigurationPlatforms) = preSolution
		Debug|Any CPU = Debug|Any CPU
		Release|Any CPU = Release|Any CPU
	EndGlobalSection
	GlobalSection(ProjectConfigurationPlatforms) = postSolution
		{9060480B-9943-466D-9679-B1D581A76791}.Debug|Any CPU.ActiveCfg = Debug|Any CPU
		{9060480B-9943-466D-9679-B1D581A76791}.Debug|Any CPU.Build.0 = Debug|Any CPU
		{9060480B-9943-466D-9679-B1D581A76791}.Release|Any CPU.ActiveCfg = Release|Any CPU
		{9060480B-9943-466D-9679-B1D581A76791}.Release|Any CPU.Build.0 = Release|Any CPU
	EndGlobalSection
	GlobalSection(SolutionProperties) = preSolution
		HideSolutionNode = FALSE
	EndGlobalSection
	GlobalSection(ExtensibilityGlobals) = postSolution
		SolutionGuid = {B3BFEF43-14FA-424A-A6A3-40E563A842FC}
	EndGlobalSection
EndGlobal
